Microsoft Visual Studio Solution File, Format Version 11.00
# Visual Studio 2008

Project("{01B29301-6E1D-9C34-8727-FA607CF6BD82}") = "Lair Thief", "Assembly-CSharp.csproj", "{ED1F92FF-389E-6BAF-1EC0-0220A7F4ACBB}"
EndProject
Global
	GlobalSection(SolutionConfigurationPlatforms) = preSolution
		Debug|Any CPU = Debug|Any CPU
		Release|Any CPU = Release|Any CPU
	EndGlobalSection
	GlobalSection(ProjectConfigurationPlatforms) = postSolution
		{ED1F92FF-389E-6BAF-1EC0-0220A7F4ACBB}.Debug|Any CPU.ActiveCfg = Debug|Any CPU
		{ED1F92FF-389E-6BAF-1EC0-0220A7F4ACBB}.Debug|Any CPU.Build.0 = Debug|Any CPU
		{ED1F92FF-389E-6BAF-1EC0-0220A7F4ACBB}.Release|Any CPU.ActiveCfg = Release|Any CPU
		{ED1F92FF-389E-6BAF-1EC0-0220A7F4ACBB}.Release|Any CPU.Build.0 = Release|Any CPU
	EndGlobalSection
	GlobalSection(SolutionProperties) = preSolution
		HideSolutionNode = FALSE
	EndGlobalSection
	GlobalSection(MonoDevelopProperties) = preSolution
		StartupItem = Assembly-CSharp.csproj
	EndGlobalSection
EndGlobal
